
Microsoft Visual Studio Solution File, Format Version 12.00
# Visual Studio Version 17
VisualStudioVersion = 17.9.34414.90
MinimumVisualStudioVersion = 10.0.40219.1
Project("{FAE04EC0-301F-11D3-BF4B-00C04F79EFBC}") = "DotNetReflectionDemo", "DotNetReflectionDemo.csproj", "{C37D234D-E72D-4B2F-91D9-06D626C57460}"
EndProject
Global
	GlobalSection(SolutionConfigurationPlatforms) = preSolution
		Debug|Any CPU = Debug|Any CPU
		Release|Any CPU = Release|Any CPU
	EndGlobalSection
	GlobalSection(ProjectConfigurationPlatforms) = postSolution
		{C37D234D-E72D-4B2F-91D9-06D626C57460}.Debug|Any CPU.ActiveCfg = Debug|Any CPU
		{C37D234D-E72D-4B2F-91D9-06D626C57460}.Debug|Any CPU.Build.0 = Debug|Any CPU
		{C37D234D-E72D-4B2F-91D9-06D626C57460}.Release|Any CPU.ActiveCfg = Release|Any CPU
		{C37D234D-E72D-4B2F-91D9-06D626C57460}.Release|Any CPU.Build.0 = Release|Any CPU
	EndGlobalSection
	GlobalSection(SolutionProperties) = preSolution
		HideSolutionNode = FALSE
	EndGlobalSection
	GlobalSection(ExtensibilityGlobals) = postSolution
		SolutionGuid = {238112F0-4621-4DF0-B8EF-1E4A1996A7C6}
	EndGlobalSection
EndGlobal
